
Microsoft Visual Studio Solution File, Format Version 12.00
# Visual Studio Version 17
VisualStudioVersion = 17.7.33913.275
MinimumVisualStudioVersion = 10.0.40219.1
Project("{FAE04EC0-301F-11D3-BF4B-00C04F79EFBC}") = "Ai-Image-Upscaler", "Ai-Image-Upscaler.csproj", "{A91D313B-386A-42D3-A516-05F1C5458760}"
EndProject
Global
	GlobalSection(SolutionConfigurationPlatforms) = preSolution
		Debug|Any CPU = Debug|Any CPU
		Release|Any CPU = Release|Any CPU
	EndGlobalSection
	GlobalSection(ProjectConfigurationPlatforms) = postSolution
		{A91D313B-386A-42D3-A516-05F1C5458760}.Debug|Any CPU.ActiveCfg = Debug|Any CPU
		{A91D313B-386A-42D3-A516-05F1C5458760}.Debug|Any CPU.Build.0 = Debug|Any CPU
		{A91D313B-386A-42D3-A516-05F1C5458760}.Release|Any CPU.ActiveCfg = Release|Any CPU
		{A91D313B-386A-42D3-A516-05F1C5458760}.Release|Any CPU.Build.0 = Release|Any CPU
	EndGlobalSection
	GlobalSection(SolutionProperties) = preSolution
		HideSolutionNode = FALSE
	EndGlobalSection
	GlobalSection(ExtensibilityGlobals) = postSolution
		SolutionGuid = {A12507A2-58C4-4022-A10F-50F66A2C7AC3}
	EndGlobalSection
EndGlobal
